// !$*UTF8*$!
{
	archiveVersion = 1;
	classes = {
	};
	objectVersion = 56;
	objects = {

/* Begin PBXBuildFile section */
		FDACA81F2AFEAE0700F3E297 /* NavTitleLabel.swift in Sources */ = {isa = PBXBuildFile; fileRef = FDACA81E2AFEAE0700F3E297 /* NavTitleLabel.swift */; };
		FDACA8222AFEB2FD00F3E297 /* BackButton.swift in Sources */ = {isa = PBXBuildFile; fileRef = FDACA8212AFEB2FD00F3E297 /* BackButton.swift */; };
		FDACA8242AFEB47500F3E297 /* BallsBackgroundView.swift in Sources */ = {isa = PBXBuildFile; fileRef = FDACA8232AFEB47500F3E297 /* BallsBackgroundView.swift */; };
		FDACA8262AFEBC7000F3E297 /* GameInfoView.swift in Sources */ = {isa = PBXBuildFile; fileRef = FDACA8252AFEBC7000F3E297 /* GameInfoView.swift */; };
		FDACA8292AFF95C600F3E297 /* H2HViewController.swift in Sources */ = {isa = PBXBuildFile; fileRef = FDACA8282AFF95C600F3E297 /* H2HViewController.swift */; };
		FDACA82C2AFF961100F3E297 /* StatisticViewController.swift in Sources */ = {isa = PBXBuildFile; fileRef = FDACA82B2AFF961100F3E297 /* StatisticViewController.swift */; };
		FDACA82F2AFFA57300F3E297 /* H2HContentView.swift in Sources */ = {isa = PBXBuildFile; fileRef = FDACA82E2AFFA57300F3E297 /* H2HContentView.swift */; };
		FDACA8312AFFA97300F3E297 /* H2HModel.swift in Sources */ = {isa = PBXBuildFile; fileRef = FDACA8302AFFA97300F3E297 /* H2HModel.swift */; };
		FDACA8332AFFAFC500F3E297 /* H2HCollectionView.swift in Sources */ = {isa = PBXBuildFile; fileRef = FDACA8322AFFAFC500F3E297 /* H2HCollectionView.swift */; };
		FDACA8352AFFB00900F3E297 /* H2HCollectionViewCell.swift in Sources */ = {isa = PBXBuildFile; fileRef = FDACA8342AFFB00900F3E297 /* H2HCollectionViewCell.swift */; };
		FDACA8372AFFB27500F3E297 /* H2HTeamNameLabel.swift in Sources */ = {isa = PBXBuildFile; fileRef = FDACA8362AFFB27500F3E297 /* H2HTeamNameLabel.swift */; };
		FDACA8392AFFDCAE00F3E297 /* ScoreView.swift in Sources */ = {isa = PBXBuildFile; fileRef = FDACA8382AFFDCAE00F3E297 /* ScoreView.swift */; };
		FDACA83B2AFFF71F00F3E297 /* StatisticDetailModel.swift in Sources */ = {isa = PBXBuildFile; fileRef = FDACA83A2AFFF71F00F3E297 /* StatisticDetailModel.swift */; };
		FDACA83E2AFFF80600F3E297 /* StatisticContentView.swift in Sources */ = {isa = PBXBuildFile; fileRef = FDACA83D2AFFF80600F3E297 /* StatisticContentView.swift */; };
		FDACA8402AFFF89400F3E297 /* StatisticCollectionView.swift in Sources */ = {isa = PBXBuildFile; fileRef = FDACA83F2AFFF89400F3E297 /* StatisticCollectionView.swift */; };
		FDACA8422AFFF8CB00F3E297 /* StatisticCollectionViewCell.swift in Sources */ = {isa = PBXBuildFile; fileRef = FDACA8412AFFF8CB00F3E297 /* StatisticCollectionViewCell.swift */; };
		FDACA8442B0003FA00F3E297 /* StatLabel.swift in Sources */ = {isa = PBXBuildFile; fileRef = FDACA8432B0003FA00F3E297 /* StatLabel.swift */; };
		FDACA84B2B00C39D00F3E297 /* SegmentCell.swift in Sources */ = {isa = PBXBuildFile; fileRef = FDACA84A2B00C39D00F3E297 /* SegmentCell.swift */; };
		FDACA84D2B00C4F100F3E297 /* CollectionViewSegmentedControl.swift in Sources */ = {isa = PBXBuildFile; fileRef = FDACA84C2B00C4F100F3E297 /* CollectionViewSegmentedControl.swift */; };
		FDACA84F2B00C97F00F3E297 /* SegmentCollectionView.swift in Sources */ = {isa = PBXBuildFile; fileRef = FDACA84E2B00C97F00F3E297 /* SegmentCollectionView.swift */; };
		FDAF655D2AFE850100A98897 /* EventDetailViewController.swift in Sources */ = {isa = PBXBuildFile; fileRef = FDAF655C2AFE850100A98897 /* EventDetailViewController.swift */; };
		FDAF65602AFE852300A98897 /* EventDetailContentView.swift in Sources */ = {isa = PBXBuildFile; fileRef = FDAF655F2AFE852300A98897 /* EventDetailContentView.swift */; };
		FDAF65622AFE85D700A98897 /* EventDetailModel.swift in Sources */ = {isa = PBXBuildFile; fileRef = FDAF65612AFE85D700A98897 /* EventDetailModel.swift */; };
		FDB12B4D2AFC2E0300890257 /* PreloaderContentView.swift in Sources */ = {isa = PBXBuildFile; fileRef = FDB12B4C2AFC2E0300890257 /* PreloaderContentView.swift */; };
		FDB12B502AFC302F00890257 /* Applyable.swift in Sources */ = {isa = PBXBuildFile; fileRef = FDB12B4F2AFC302F00890257 /* Applyable.swift */; };
		FDB12B532AFC366F00890257 /* MainViewController.swift in Sources */ = {isa = PBXBuildFile; fileRef = FDB12B522AFC366F00890257 /* MainViewController.swift */; };
		FDB12B572AFC3AA100890257 /* MainContentView.swift in Sources */ = {isa = PBXBuildFile; fileRef = FDB12B562AFC3AA100890257 /* MainContentView.swift */; };
		FDB12B612AFCF49F00890257 /* PilatExtended-Thin.ttf in Resources */ = {isa = PBXBuildFile; fileRef = FDB12B592AFCF49E00890257 /* PilatExtended-Thin.ttf */; };
		FDB12B622AFCF49F00890257 /* PilatExtended-DemiBold.ttf in Resources */ = {isa = PBXBuildFile; fileRef = FDB12B5A2AFCF49E00890257 /* PilatExtended-DemiBold.ttf */; };
		FDB12B632AFCF49F00890257 /* PilatExtended-Regular.ttf in Resources */ = {isa = PBXBuildFile; fileRef = FDB12B5B2AFCF49E00890257 /* PilatExtended-Regular.ttf */; };
		FDB12B642AFCF49F00890257 /* PilatExtended-Heavy.ttf in Resources */ = {isa = PBXBuildFile; fileRef = FDB12B5C2AFCF49F00890257 /* PilatExtended-Heavy.ttf */; };
		FDB12B652AFCF49F00890257 /* PilatExtended-Black.ttf in Resources */ = {isa = PBXBuildFile; fileRef = FDB12B5D2AFCF49F00890257 /* PilatExtended-Black.ttf */; };
		FDB12B662AFCF49F00890257 /* PilatExtended-Book.ttf in Resources */ = {isa = PBXBuildFile; fileRef = FDB12B5E2AFCF49F00890257 /* PilatExtended-Book.ttf */; };
		FDB12B672AFCF49F00890257 /* PilatExtended-Light.ttf in Resources */ = {isa = PBXBuildFile; fileRef = FDB12B5F2AFCF49F00890257 /* PilatExtended-Light.ttf */; };
		FDB12B682AFCF49F00890257 /* PilatExtended-Bold.ttf in Resources */ = {isa = PBXBuildFile; fileRef = FDB12B602AFCF49F00890257 /* PilatExtended-Bold.ttf */; };
		FDB12B6B2AFCF59400890257 /* GameModel.swift in Sources */ = {isa = PBXBuildFile; fileRef = FDB12B6A2AFCF59400890257 /* GameModel.swift */; };
		FDB12B6D2AFCF6B000890257 /* TeamModel.swift in Sources */ = {isa = PBXBuildFile; fileRef = FDB12B6C2AFCF6B000890257 /* TeamModel.swift */; };
		FDB12B702AFCF7A100890257 /* Localizable.strings in Resources */ = {isa = PBXBuildFile; fileRef = FDB12B722AFCF7A100890257 /* Localizable.strings */; };
		FDB12B742AFCF8BD00890257 /* StatisticModel.swift in Sources */ = {isa = PBXBuildFile; fileRef = FDB12B732AFCF8BD00890257 /* StatisticModel.swift */; };
		FDB12B762AFCFC1400890257 /* TestData.swift in Sources */ = {isa = PBXBuildFile; fileRef = FDB12B752AFCFC1400890257 /* TestData.swift */; };
		FDB12B782AFD0D0700890257 /* MainModel.swift in Sources */ = {isa = PBXBuildFile; fileRef = FDB12B772AFD0D0700890257 /* MainModel.swift */; };
		FDB12B7A2AFD14BD00890257 /* MainCollectionView.swift in Sources */ = {isa = PBXBuildFile; fileRef = FDB12B792AFD14BD00890257 /* MainCollectionView.swift */; };
		FDB12B7C2AFD155300890257 /* MainCollectionViewHeader.swift in Sources */ = {isa = PBXBuildFile; fileRef = FDB12B7B2AFD155300890257 /* MainCollectionViewHeader.swift */; };
		FDB12B7E2AFD1DEE00890257 /* MainCollectionViewCell.swift in Sources */ = {isa = PBXBuildFile; fileRef = FDB12B7D2AFD1DEE00890257 /* MainCollectionViewCell.swift */; };
		FDB12B802AFD1EEB00890257 /* SIdentifiable.swift in Sources */ = {isa = PBXBuildFile; fileRef = FDB12B7F2AFD1EEB00890257 /* SIdentifiable.swift */; };
		FDB12B832AFD211100890257 /* UIView+Configuration.swift in Sources */ = {isa = PBXBuildFile; fileRef = FDB12B822AFD211100890257 /* UIView+Configuration.swift */; };
		FDB12B852AFD5CE800890257 /* TeamNameLabel.swift in Sources */ = {isa = PBXBuildFile; fileRef = FDB12B842AFD5CE800890257 /* TeamNameLabel.swift */; };
		FDB12B8B2AFD6B7300890257 /* Helper.swift in Sources */ = {isa = PBXBuildFile; fileRef = FDB12B8A2AFD6B7300890257 /* Helper.swift */; };
		FDD6E6432AFC221600EA52F0 /* AppDelegate.swift in Sources */ = {isa = PBXBuildFile; fileRef = FDD6E6422AFC221600EA52F0 /* AppDelegate.swift */; };
		FDD6E6452AFC221600EA52F0 /* SceneDelegate.swift in Sources */ = {isa = PBXBuildFile; fileRef = FDD6E6442AFC221600EA52F0 /* SceneDelegate.swift */; };
		FDD6E6472AFC221600EA52F0 /* PreloaderViewController.swift in Sources */ = {isa = PBXBuildFile; fileRef = FDD6E6462AFC221600EA52F0 /* PreloaderViewController.swift */; };
		FDD6E64C2AFC221900EA52F0 /* Assets.xcassets in Resources */ = {isa = PBXBuildFile; fileRef = FDD6E64B2AFC221900EA52F0 /* Assets.xcassets */; };
		FDD6E64F2AFC221900EA52F0 /* LaunchScreen.storyboard in Resources */ = {isa = PBXBuildFile; fileRef = FDD6E64D2AFC221900EA52F0 /* LaunchScreen.storyboard */; };
/* End PBXBuildFile section */

/* Begin PBXFileReference section */
		FDACA81E2AFEAE0700F3E297 /* NavTitleLabel.swift */ = {isa = PBXFileReference; lastKnownFileType = sourcecode.swift; path = NavTitleLabel.swift; sourceTree = "<group>"; };
		FDACA8212AFEB2FD00F3E297 /* BackButton.swift */ = {isa = PBXFileReference; lastKnownFileType = sourcecode.swift; path = BackButton.swift; sourceTree = "<group>"; };
		FDACA8232AFEB47500F3E297 /* BallsBackgroundView.swift */ = {isa = PBXFileReference; lastKnownFileType = sourcecode.swift; path = BallsBackgroundView.swift; sourceTree = "<group>"; };
		FDACA8252AFEBC7000F3E297 /* GameInfoView.swift */ = {isa = PBXFileReference; lastKnownFileType = sourcecode.swift; path = GameInfoView.swift; sourceTree = "<group>"; };
		FDACA8282AFF95C600F3E297 /* H2HViewController.swift */ = {isa = PBXFileReference; lastKnownFileType = sourcecode.swift; path = H2HViewController.swift; sourceTree = "<group>"; };
		FDACA82B2AFF961100F3E297 /* StatisticViewController.swift */ = {isa = PBXFileReference; lastKnownFileType = sourcecode.swift; path = StatisticViewController.swift; sourceTree = "<group>"; };
		FDACA82E2AFFA57300F3E297 /* H2HContentView.swift */ = {isa = PBXFileReference; lastKnownFileType = sourcecode.swift; path = H2HContentView.swift; sourceTree = "<group>"; };
		FDACA8302AFFA97300F3E297 /* H2HModel.swift */ = {isa = PBXFileReference; lastKnownFileType = sourcecode.swift; path = H2HModel.swift; sourceTree = "<group>"; };
		FDACA8322AFFAFC500F3E297 /* H2HCollectionView.swift */ = {isa = PBXFileReference; lastKnownFileType = sourcecode.swift; path = H2HCollectionView.swift; sourceTree = "<group>"; };
		FDACA8342AFFB00900F3E297 /* H2HCollectionViewCell.swift */ = {isa = PBXFileReference; lastKnownFileType = sourcecode.swift; path = H2HCollectionViewCell.swift; sourceTree = "<group>"; };
		FDACA8362AFFB27500F3E297 /* H2HTeamNameLabel.swift */ = {isa = PBXFileReference; lastKnownFileType = sourcecode.swift; path = H2HTeamNameLabel.swift; sourceTree = "<group>"; };
		FDACA8382AFFDCAE00F3E297 /* ScoreView.swift */ = {isa = PBXFileReference; lastKnownFileType = sourcecode.swift; path = ScoreView.swift; sourceTree = "<group>"; };
		FDACA83A2AFFF71F00F3E297 /* StatisticDetailModel.swift */ = {isa = PBXFileReference; lastKnownFileType = sourcecode.swift; path = StatisticDetailModel.swift; sourceTree = "<group>"; };
		FDACA83D2AFFF80600F3E297 /* StatisticContentView.swift */ = {isa = PBXFileReference; lastKnownFileType = sourcecode.swift; path = StatisticContentView.swift; sourceTree = "<group>"; };
		FDACA83F2AFFF89400F3E297 /* StatisticCollectionView.swift */ = {isa = PBXFileReference; lastKnownFileType = sourcecode.swift; path = StatisticCollectionView.swift; sourceTree = "<group>"; };
		FDACA8412AFFF8CB00F3E297 /* StatisticCollectionViewCell.swift */ = {isa = PBXFileReference; lastKnownFileType = sourcecode.swift; path = StatisticCollectionViewCell.swift; sourceTree = "<group>"; };
		FDACA8432B0003FA00F3E297 /* StatLabel.swift */ = {isa = PBXFileReference; lastKnownFileType = sourcecode.swift; path = StatLabel.swift; sourceTree = "<group>"; };
		FDACA84A2B00C39D00F3E297 /* SegmentCell.swift */ = {isa = PBXFileReference; lastKnownFileType = sourcecode.swift; path = SegmentCell.swift; sourceTree = "<group>"; };
		FDACA84C2B00C4F100F3E297 /* CollectionViewSegmentedControl.swift */ = {isa = PBXFileReference; lastKnownFileType = sourcecode.swift; path = CollectionViewSegmentedControl.swift; sourceTree = "<group>"; };
		FDACA84E2B00C97F00F3E297 /* SegmentCollectionView.swift */ = {isa = PBXFileReference; lastKnownFileType = sourcecode.swift; path = SegmentCollectionView.swift; sourceTree = "<group>"; };
		FDAF655C2AFE850100A98897 /* EventDetailViewController.swift */ = {isa = PBXFileReference; lastKnownFileType = sourcecode.swift; path = EventDetailViewController.swift; sourceTree = "<group>"; };
		FDAF655F2AFE852300A98897 /* EventDetailContentView.swift */ = {isa = PBXFileReference; lastKnownFileType = sourcecode.swift; path = EventDetailContentView.swift; sourceTree = "<group>"; };
		FDAF65612AFE85D700A98897 /* EventDetailModel.swift */ = {isa = PBXFileReference; lastKnownFileType = sourcecode.swift; path = EventDetailModel.swift; sourceTree = "<group>"; };
		FDB12B4C2AFC2E0300890257 /* PreloaderContentView.swift */ = {isa = PBXFileReference; lastKnownFileType = sourcecode.swift; path = PreloaderContentView.swift; sourceTree = "<group>"; };
		FDB12B4F2AFC302F00890257 /* Applyable.swift */ = {isa = PBXFileReference; lastKnownFileType = sourcecode.swift; path = Applyable.swift; sourceTree = "<group>"; };
		FDB12B522AFC366F00890257 /* MainViewController.swift */ = {isa = PBXFileReference; lastKnownFileType = sourcecode.swift; path = MainViewController.swift; sourceTree = "<group>"; };
		FDB12B562AFC3AA100890257 /* MainContentView.swift */ = {isa = PBXFileReference; lastKnownFileType = sourcecode.swift; path = MainContentView.swift; sourceTree = "<group>"; };
		FDB12B592AFCF49E00890257 /* PilatExtended-Thin.ttf */ = {isa = PBXFileReference; lastKnownFileType = file; path = "PilatExtended-Thin.ttf"; sourceTree = "<group>"; };
		FDB12B5A2AFCF49E00890257 /* PilatExtended-DemiBold.ttf */ = {isa = PBXFileReference; lastKnownFileType = file; path = "PilatExtended-DemiBold.ttf"; sourceTree = "<group>"; };
		FDB12B5B2AFCF49E00890257 /* PilatExtended-Regular.ttf */ = {isa = PBXFileReference; lastKnownFileType = file; path = "PilatExtended-Regular.ttf"; sourceTree = "<group>"; };
		FDB12B5C2AFCF49F00890257 /* PilatExtended-Heavy.ttf */ = {isa = PBXFileReference; lastKnownFileType = file; path = "PilatExtended-Heavy.ttf"; sourceTree = "<group>"; };
		FDB12B5D2AFCF49F00890257 /* PilatExtended-Black.ttf */ = {isa = PBXFileReference; lastKnownFileType = file; path = "PilatExtended-Black.ttf"; sourceTree = "<group>"; };
		FDB12B5E2AFCF49F00890257 /* PilatExtended-Book.ttf */ = {isa = PBXFileReference; lastKnownFileType = file; path = "PilatExtended-Book.ttf"; sourceTree = "<group>"; };
		FDB12B5F2AFCF49F00890257 /* PilatExtended-Light.ttf */ = {isa = PBXFileReference; lastKnownFileType = file; path = "PilatExtended-Light.ttf"; sourceTree = "<group>"; };
		FDB12B602AFCF49F00890257 /* PilatExtended-Bold.ttf */ = {isa = PBXFileReference; lastKnownFileType = file; path = "PilatExtended-Bold.ttf"; sourceTree = "<group>"; };
		FDB12B6A2AFCF59400890257 /* GameModel.swift */ = {isa = PBXFileReference; lastKnownFileType = sourcecode.swift; path = GameModel.swift; sourceTree = "<group>"; };
		FDB12B6C2AFCF6B000890257 /* TeamModel.swift */ = {isa = PBXFileReference; lastKnownFileType = sourcecode.swift; path = TeamModel.swift; sourceTree = "<group>"; };
		FDB12B712AFCF7A100890257 /* en */ = {isa = PBXFileReference; lastKnownFileType = text.plist.strings; name = en; path = en.lproj/Localizable.strings; sourceTree = "<group>"; };
		FDB12B732AFCF8BD00890257 /* StatisticModel.swift */ = {isa = PBXFileReference; lastKnownFileType = sourcecode.swift; path = StatisticModel.swift; sourceTree = "<group>"; };
		FDB12B752AFCFC1400890257 /* TestData.swift */ = {isa = PBXFileReference; lastKnownFileType = sourcecode.swift; path = TestData.swift; sourceTree = "<group>"; };
		FDB12B772AFD0D0700890257 /* MainModel.swift */ = {isa = PBXFileReference; lastKnownFileType = sourcecode.swift; path = MainModel.swift; sourceTree = "<group>"; };
		FDB12B792AFD14BD00890257 /* MainCollectionView.swift */ = {isa = PBXFileReference; lastKnownFileType = sourcecode.swift; path = MainCollectionView.swift; sourceTree = "<group>"; };
		FDB12B7B2AFD155300890257 /* MainCollectionViewHeader.swift */ = {isa = PBXFileReference; lastKnownFileType = sourcecode.swift; path = MainCollectionViewHeader.swift; sourceTree = "<group>"; };
		FDB12B7D2AFD1DEE00890257 /* MainCollectionViewCell.swift */ = {isa = PBXFileReference; lastKnownFileType = sourcecode.swift; path = MainCollectionViewCell.swift; sourceTree = "<group>"; };
		FDB12B7F2AFD1EEB00890257 /* SIdentifiable.swift */ = {isa = PBXFileReference; lastKnownFileType = sourcecode.swift; path = SIdentifiable.swift; sourceTree = "<group>"; };
		FDB12B822AFD211100890257 /* UIView+Configuration.swift */ = {isa = PBXFileReference; lastKnownFileType = sourcecode.swift; path = "UIView+Configuration.swift"; sourceTree = "<group>"; };
		FDB12B842AFD5CE800890257 /* TeamNameLabel.swift */ = {isa = PBXFileReference; lastKnownFileType = sourcecode.swift; path = TeamNameLabel.swift; sourceTree = "<group>"; };
		FDB12B8A2AFD6B7300890257 /* Helper.swift */ = {isa = PBXFileReference; lastKnownFileType = sourcecode.swift; path = Helper.swift; sourceTree = "<group>"; };
		FDD6E63F2AFC221600EA52F0 /* iOSDev.app */ = {isa = PBXFileReference; explicitFileType = wrapper.application; includeInIndex = 0; path = iOSDev.app; sourceTree = BUILT_PRODUCTS_DIR; };
		FDD6E6422AFC221600EA52F0 /* AppDelegate.swift */ = {isa = PBXFileReference; lastKnownFileType = sourcecode.swift; path = AppDelegate.swift; sourceTree = "<group>"; };
		FDD6E6442AFC221600EA52F0 /* SceneDelegate.swift */ = {isa = PBXFileReference; lastKnownFileType = sourcecode.swift; path = SceneDelegate.swift; sourceTree = "<group>"; };
		FDD6E6462AFC221600EA52F0 /* PreloaderViewController.swift */ = {isa = PBXFileReference; lastKnownFileType = sourcecode.swift; path = PreloaderViewController.swift; sourceTree = "<group>"; };
		FDD6E64B2AFC221900EA52F0 /* Assets.xcassets */ = {isa = PBXFileReference; lastKnownFileType = folder.assetcatalog; path = Assets.xcassets; sourceTree = "<group>"; };
		FDD6E64E2AFC221900EA52F0 /* Base */ = {isa = PBXFileReference; lastKnownFileType = file.storyboard; name = Base; path = Base.lproj/LaunchScreen.storyboard; sourceTree = "<group>"; };
		FDD6E6502AFC221900EA52F0 /* Info.plist */ = {isa = PBXFileReference; lastKnownFileType = text.plist.xml; path = Info.plist; sourceTree = "<group>"; };
/* End PBXFileReference section */

/* Begin PBXFrameworksBuildPhase section */
		FDD6E63C2AFC221500EA52F0 /* Frameworks */ = {
			isa = PBXFrameworksBuildPhase;
			buildActionMask = 2147483647;
			files = (
			);
			runOnlyForDeploymentPostprocessing = 0;
		};
/* End PBXFrameworksBuildPhase section */

/* Begin PBXGroup section */
		FDACA8202AFEB2E300F3E297 /* CustomView */ = {
			isa = PBXGroup;
			children = (
				FDACA8492B00C38700F3E297 /* CollectionViewSegmentedControl */,
				FDACA81E2AFEAE0700F3E297 /* NavTitleLabel.swift */,
				FDACA8212AFEB2FD00F3E297 /* BackButton.swift */,
				FDACA8252AFEBC7000F3E297 /* GameInfoView.swift */,
			);
			path = CustomView;
			sourceTree = "<group>";
		};
		FDACA8272AFF958100F3E297 /* H2H */ = {
			isa = PBXGroup;
			children = (
				FDACA82D2AFFA56100F3E297 /* View */,
				FDACA8282AFF95C600F3E297 /* H2HViewController.swift */,
			);
			path = H2H;
			sourceTree = "<group>";
		};
		FDACA82A2AFF95F300F3E297 /* Statistic */ = {
			isa = PBXGroup;
			children = (
				FDACA83C2AFFF7FB00F3E297 /* View */,
				FDACA82B2AFF961100F3E297 /* StatisticViewController.swift */,
			);
			path = Statistic;
			sourceTree = "<group>";
		};
		FDACA82D2AFFA56100F3E297 /* View */ = {
			isa = PBXGroup;
			children = (
				FDACA82E2AFFA57300F3E297 /* H2HContentView.swift */,
				FDACA8322AFFAFC500F3E297 /* H2HCollectionView.swift */,
				FDACA8342AFFB00900F3E297 /* H2HCollectionViewCell.swift */,
				FDACA8362AFFB27500F3E297 /* H2HTeamNameLabel.swift */,
				FDACA8382AFFDCAE00F3E297 /* ScoreView.swift */,
			);
			path = View;
			sourceTree = "<group>";
		};
		FDACA83C2AFFF7FB00F3E297 /* View */ = {
			isa = PBXGroup;
			children = (
				FDACA83D2AFFF80600F3E297 /* StatisticContentView.swift */,
				FDACA83F2AFFF89400F3E297 /* StatisticCollectionView.swift */,
				FDACA8412AFFF8CB00F3E297 /* StatisticCollectionViewCell.swift */,
				FDACA8432B0003FA00F3E297 /* StatLabel.swift */,
			);
			path = View;
			sourceTree = "<group>";
		};
		FDACA8492B00C38700F3E297 /* CollectionViewSegmentedControl */ = {
			isa = PBXGroup;
			children = (
				FDACA84A2B00C39D00F3E297 /* SegmentCell.swift */,
				FDACA84C2B00C4F100F3E297 /* CollectionViewSegmentedControl.swift */,
				FDACA84E2B00C97F00F3E297 /* SegmentCollectionView.swift */,
			);
			path = CollectionViewSegmentedControl;
			sourceTree = "<group>";
		};
		FDAF655B2AFE84F000A98897 /* EventDetail */ = {
			isa = PBXGroup;
			children = (
				FDAF655E2AFE851100A98897 /* View */,
				FDAF655C2AFE850100A98897 /* EventDetailViewController.swift */,
			);
			path = EventDetail;
			sourceTree = "<group>";
		};
		FDAF655E2AFE851100A98897 /* View */ = {
			isa = PBXGroup;
			children = (
				FDAF655F2AFE852300A98897 /* EventDetailContentView.swift */,
				FDACA8232AFEB47500F3E297 /* BallsBackgroundView.swift */,
			);
			path = View;
			sourceTree = "<group>";
		};
		FDB12B492AFC2BEA00890257 /* Supporting Files */ = {
			isa = PBXGroup;
			children = (
				FDD6E6422AFC221600EA52F0 /* AppDelegate.swift */,
				FDD6E6442AFC221600EA52F0 /* SceneDelegate.swift */,
				FDD6E64D2AFC221900EA52F0 /* LaunchScreen.storyboard */,
				FDD6E6502AFC221900EA52F0 /* Info.plist */,
			);
			path = "Supporting Files";
			sourceTree = "<group>";
		};
		FDB12B4A2AFC2C2200890257 /* Resources */ = {
			isa = PBXGroup;
			children = (
				FDB12B582AFCF46100890257 /* Fonts */,
				FDD6E64B2AFC221900EA52F0 /* Assets.xcassets */,
				FDB12B722AFCF7A100890257 /* Localizable.strings */,
			);
			path = Resources;
			sourceTree = "<group>";
		};
		FDB12B4B2AFC2DD900890257 /* Preloader */ = {
			isa = PBXGroup;
			children = (
				FDB12B542AFC3A8A00890257 /* View */,
				FDD6E6462AFC221600EA52F0 /* PreloaderViewController.swift */,
			);
			path = Preloader;
			sourceTree = "<group>";
		};
		FDB12B4E2AFC302100890257 /* Protocols */ = {
			isa = PBXGroup;
			children = (
				FDB12B4F2AFC302F00890257 /* Applyable.swift */,
				FDB12B7F2AFD1EEB00890257 /* SIdentifiable.swift */,
			);
			path = Protocols;
			sourceTree = "<group>";
		};
		FDB12B512AFC365C00890257 /* Main */ = {
			isa = PBXGroup;
			children = (
				FDB12B552AFC3A9200890257 /* View */,
				FDB12B522AFC366F00890257 /* MainViewController.swift */,
			);
			path = Main;
			sourceTree = "<group>";
		};
		FDB12B542AFC3A8A00890257 /* View */ = {
			isa = PBXGroup;
			children = (
				FDB12B4C2AFC2E0300890257 /* PreloaderContentView.swift */,
			);
			path = View;
			sourceTree = "<group>";
		};
		FDB12B552AFC3A9200890257 /* View */ = {
			isa = PBXGroup;
			children = (
				FDB12B562AFC3AA100890257 /* MainContentView.swift */,
				FDB12B792AFD14BD00890257 /* MainCollectionView.swift */,
				FDB12B7B2AFD155300890257 /* MainCollectionViewHeader.swift */,
				FDB12B7D2AFD1DEE00890257 /* MainCollectionViewCell.swift */,
				FDB12B842AFD5CE800890257 /* TeamNameLabel.swift */,
			);
			path = View;
			sourceTree = "<group>";
		};
		FDB12B582AFCF46100890257 /* Fonts */ = {
			isa = PBXGroup;
			children = (
				FDB12B5D2AFCF49F00890257 /* PilatExtended-Black.ttf */,
				FDB12B602AFCF49F00890257 /* PilatExtended-Bold.ttf */,
				FDB12B5E2AFCF49F00890257 /* PilatExtended-Book.ttf */,
				FDB12B5A2AFCF49E00890257 /* PilatExtended-DemiBold.ttf */,
				FDB12B5C2AFCF49F00890257 /* PilatExtended-Heavy.ttf */,
				FDB12B5F2AFCF49F00890257 /* PilatExtended-Light.ttf */,
				FDB12B5B2AFCF49E00890257 /* PilatExtended-Regular.ttf */,
				FDB12B592AFCF49E00890257 /* PilatExtended-Thin.ttf */,
			);
			path = Fonts;
			sourceTree = "<group>";
		};
		FDB12B692AFCF58500890257 /* Model */ = {
			isa = PBXGroup;
			children = (
				FDB12B6A2AFCF59400890257 /* GameModel.swift */,
				FDB12B6C2AFCF6B000890257 /* TeamModel.swift */,
				FDB12B732AFCF8BD00890257 /* StatisticModel.swift */,
				FDB12B752AFCFC1400890257 /* TestData.swift */,
				FDB12B772AFD0D0700890257 /* MainModel.swift */,
				FDAF65612AFE85D700A98897 /* EventDetailModel.swift */,
				FDACA8302AFFA97300F3E297 /* H2HModel.swift */,
				FDACA83A2AFFF71F00F3E297 /* StatisticDetailModel.swift */,
			);
			path = Model;
			sourceTree = "<group>";
		};
		FDB12B812AFD210500890257 /* Extension */ = {
			isa = PBXGroup;
			children = (
				FDB12B822AFD211100890257 /* UIView+Configuration.swift */,
			);
			path = Extension;
			sourceTree = "<group>";
		};
		FDB12B892AFD6B6900890257 /* Helper */ = {
			isa = PBXGroup;
			children = (
				FDB12B8A2AFD6B7300890257 /* Helper.swift */,
			);
			path = Helper;
			sourceTree = "<group>";
		};
		FDD6E6362AFC221500EA52F0 = {
			isa = PBXGroup;
			children = (
				FDD6E6412AFC221600EA52F0 /* iOSDev */,
				FDD6E6402AFC221600EA52F0 /* Products */,
			);
			sourceTree = "<group>";
		};
		FDD6E6402AFC221600EA52F0 /* Products */ = {
			isa = PBXGroup;
			children = (
				FDD6E63F2AFC221600EA52F0 /* iOSDev.app */,
			);
			name = Products;
			sourceTree = "<group>";
		};
		FDD6E6412AFC221600EA52F0 /* iOSDev */ = {
			isa = PBXGroup;
			children = (
				FDAF655B2AFE84F000A98897 /* EventDetail */,
				FDACA8272AFF958100F3E297 /* H2H */,
				FDACA82A2AFF95F300F3E297 /* Statistic */,
				FDB12B512AFC365C00890257 /* Main */,
				FDB12B4B2AFC2DD900890257 /* Preloader */,
				FDB12B692AFCF58500890257 /* Model */,
				FDACA8202AFEB2E300F3E297 /* CustomView */,
				FDB12B4E2AFC302100890257 /* Protocols */,
				FDB12B812AFD210500890257 /* Extension */,
				FDB12B892AFD6B6900890257 /* Helper */,
				FDB12B4A2AFC2C2200890257 /* Resources */,
				FDB12B492AFC2BEA00890257 /* Supporting Files */,
			);
			path = iOSDev;
			sourceTree = "<group>";
		};
/* End PBXGroup section */

/* Begin PBXNativeTarget section */
		FDD6E63E2AFC221500EA52F0 /* iOSDev */ = {
			isa = PBXNativeTarget;
			buildConfigurationList = FDD6E6532AFC221A00EA52F0 /* Build configuration list for PBXNativeTarget "iOSDev" */;
			buildPhases = (
				FDD6E63B2AFC221500EA52F0 /* Sources */,
				FDD6E63C2AFC221500EA52F0 /* Frameworks */,
				FDD6E63D2AFC221500EA52F0 /* Resources */,
				FDD6E6562AFC257800EA52F0 /* SwiftLint */,
			);
			buildRules = (
			);
			dependencies = (
			);
			name = iOSDev;
			productName = iOSDev;
			productReference = FDD6E63F2AFC221600EA52F0 /* iOSDev.app */;
			productType = "com.apple.product-type.application";
		};
/* End PBXNativeTarget section */

/* Begin PBXProject section */
		FDD6E6372AFC221500EA52F0 /* Project object */ = {
			isa = PBXProject;
			attributes = {
				BuildIndependentTargetsInParallel = 1;
				LastSwiftUpdateCheck = 1430;
				LastUpgradeCheck = 1430;
				TargetAttributes = {
					FDD6E63E2AFC221500EA52F0 = {
						CreatedOnToolsVersion = 14.3.1;
					};
				};
			};
			buildConfigurationList = FDD6E63A2AFC221500EA52F0 /* Build configuration list for PBXProject "iOSDev" */;
			compatibilityVersion = "Xcode 14.0";
			developmentRegion = en;
			hasScannedForEncodings = 0;
			knownRegions = (
				en,
				Base,
			);
			mainGroup = FDD6E6362AFC221500EA52F0;
			productRefGroup = FDD6E6402AFC221600EA52F0 /* Products */;
			projectDirPath = "";
			projectRoot = "";
			targets = (
				FDD6E63E2AFC221500EA52F0 /* iOSDev */,
			);
		};
/* End PBXProject section */

/* Begin PBXResourcesBuildPhase section */
		FDD6E63D2AFC221500EA52F0 /* Resources */ = {
			isa = PBXResourcesBuildPhase;
			buildActionMask = 2147483647;
			files = (
				FDD6E64F2AFC221900EA52F0 /* LaunchScreen.storyboard in Resources */,
				FDB12B612AFCF49F00890257 /* PilatExtended-Thin.ttf in Resources */,
				FDB12B702AFCF7A100890257 /* Localizable.strings in Resources */,
				FDB12B642AFCF49F00890257 /* PilatExtended-Heavy.ttf in Resources */,
				FDB12B672AFCF49F00890257 /* PilatExtended-Light.ttf in Resources */,
				FDB12B622AFCF49F00890257 /* PilatExtended-DemiBold.ttf in Resources */,
				FDB12B682AFCF49F00890257 /* PilatExtended-Bold.ttf in Resources */,
				FDB12B632AFCF49F00890257 /* PilatExtended-Regular.ttf in Resources */,
				FDB12B662AFCF49F00890257 /* PilatExtended-Book.ttf in Resources */,
				FDD6E64C2AFC221900EA52F0 /* Assets.xcassets in Resources */,
				FDB12B652AFCF49F00890257 /* PilatExtended-Black.ttf in Resources */,
			);
			runOnlyForDeploymentPostprocessing = 0;
		};
/* End PBXResourcesBuildPhase section */

/* Begin PBXShellScriptBuildPhase section */
		FDD6E6562AFC257800EA52F0 /* SwiftLint */ = {
			isa = PBXShellScriptBuildPhase;
			buildActionMask = 2147483647;
			files = (
			);
			inputFileListPaths = (
			);
			inputPaths = (
			);
			name = SwiftLint;
			outputFileListPaths = (
			);
			outputPaths = (
			);
			runOnlyForDeploymentPostprocessing = 0;
			shellPath = /bin/sh;
			shellScript = "export PATH=\"$PATH:/opt/homebrew/bin\"\nif which swiftlint > /dev/null; then\n  swiftlint\nelse\n  echo \"warning: SwiftLint not installed, download from https://github.com/realm/SwiftLint\"\nfi\n";
		};
/* End PBXShellScriptBuildPhase section */

/* Begin PBXSourcesBuildPhase section */
		FDD6E63B2AFC221500EA52F0 /* Sources */ = {
			isa = PBXSourcesBuildPhase;
			buildActionMask = 2147483647;
			files = (
				FDACA84D2B00C4F100F3E297 /* CollectionViewSegmentedControl.swift in Sources */,
				FDB12B7A2AFD14BD00890257 /* MainCollectionView.swift in Sources */,
				FDACA8422AFFF8CB00F3E297 /* StatisticCollectionViewCell.swift in Sources */,
				FDACA8242AFEB47500F3E297 /* BallsBackgroundView.swift in Sources */,
				FDACA8402AFFF89400F3E297 /* StatisticCollectionView.swift in Sources */,
				FDB12B802AFD1EEB00890257 /* SIdentifiable.swift in Sources */,
				FDACA8392AFFDCAE00F3E297 /* ScoreView.swift in Sources */,
				FDACA81F2AFEAE0700F3E297 /* NavTitleLabel.swift in Sources */,
				FDACA84F2B00C97F00F3E297 /* SegmentCollectionView.swift in Sources */,
				FDACA8372AFFB27500F3E297 /* H2HTeamNameLabel.swift in Sources */,
				FDB12B742AFCF8BD00890257 /* StatisticModel.swift in Sources */,
				FDB12B762AFCFC1400890257 /* TestData.swift in Sources */,
				FDD6E6472AFC221600EA52F0 /* PreloaderViewController.swift in Sources */,
				FDACA8332AFFAFC500F3E297 /* H2HCollectionView.swift in Sources */,
				FDB12B7E2AFD1DEE00890257 /* MainCollectionViewCell.swift in Sources */,
				FDACA8442B0003FA00F3E297 /* StatLabel.swift in Sources */,
				FDAF655D2AFE850100A98897 /* EventDetailViewController.swift in Sources */,
				FDACA84B2B00C39D00F3E297 /* SegmentCell.swift in Sources */,
				FDACA8222AFEB2FD00F3E297 /* BackButton.swift in Sources */,
				FDACA83B2AFFF71F00F3E297 /* StatisticDetailModel.swift in Sources */,
				FDB12B4D2AFC2E0300890257 /* PreloaderContentView.swift in Sources */,
				FDACA83E2AFFF80600F3E297 /* StatisticContentView.swift in Sources */,
				FDB12B6D2AFCF6B000890257 /* TeamModel.swift in Sources */,
				FDB12B8B2AFD6B7300890257 /* Helper.swift in Sources */,
				FDAF65602AFE852300A98897 /* EventDetailContentView.swift in Sources */,
				FDAF65622AFE85D700A98897 /* EventDetailModel.swift in Sources */,
				FDACA82C2AFF961100F3E297 /* StatisticViewController.swift in Sources */,
				FDD6E6432AFC221600EA52F0 /* AppDelegate.swift in Sources */,
				FDACA82F2AFFA57300F3E297 /* H2HContentView.swift in Sources */,
				FDB12B532AFC366F00890257 /* MainViewController.swift in Sources */,
				FDD6E6452AFC221600EA52F0 /* SceneDelegate.swift in Sources */,
				FDACA8262AFEBC7000F3E297 /* GameInfoView.swift in Sources */,
				FDB12B7C2AFD155300890257 /* MainCollectionViewHeader.swift in Sources */,
				FDB12B852AFD5CE800890257 /* TeamNameLabel.swift in Sources */,
				FDB12B782AFD0D0700890257 /* MainModel.swift in Sources */,
				FDB12B6B2AFCF59400890257 /* GameModel.swift in Sources */,
				FDACA8292AFF95C600F3E297 /* H2HViewController.swift in Sources */,
				FDACA8312AFFA97300F3E297 /* H2HModel.swift in Sources */,
				FDB12B502AFC302F00890257 /* Applyable.swift in Sources */,
				FDB12B572AFC3AA100890257 /* MainContentView.swift in Sources */,
				FDB12B832AFD211100890257 /* UIView+Configuration.swift in Sources */,
				FDACA8352AFFB00900F3E297 /* H2HCollectionViewCell.swift in Sources */,
			);
			runOnlyForDeploymentPostprocessing = 0;
		};
/* End PBXSourcesBuildPhase section */

/* Begin PBXVariantGroup section */
		FDB12B722AFCF7A100890257 /* Localizable.strings */ = {
			isa = PBXVariantGroup;
			children = (
				FDB12B712AFCF7A100890257 /* en */,
			);
			name = Localizable.strings;
			sourceTree = "<group>";
		};
		FDD6E64D2AFC221900EA52F0 /* LaunchScreen.storyboard */ = {
			isa = PBXVariantGroup;
			children = (
				FDD6E64E2AFC221900EA52F0 /* Base */,
			);
			name = LaunchScreen.storyboard;
			sourceTree = "<group>";
		};
/* End PBXVariantGroup section */

/* Begin XCBuildConfiguration section */
		FDD6E6512AFC221A00EA52F0 /* Debug */ = {
			isa = XCBuildConfiguration;
			buildSettings = {
				ALWAYS_SEARCH_USER_PATHS = NO;
				CLANG_ANALYZER_NONNULL = YES;
				CLANG_ANALYZER_NUMBER_OBJECT_CONVERSION = YES_AGGRESSIVE;
				CLANG_CXX_LANGUAGE_STANDARD = "gnu++20";
				CLANG_ENABLE_MODULES = YES;
				CLANG_ENABLE_OBJC_ARC = YES;
				CLANG_ENABLE_OBJC_WEAK = YES;
				CLANG_WARN_BLOCK_CAPTURE_AUTORELEASING = YES;
				CLANG_WARN_BOOL_CONVERSION = YES;
				CLANG_WARN_COMMA = YES;
				CLANG_WARN_CONSTANT_CONVERSION = YES;
				CLANG_WARN_DEPRECATED_OBJC_IMPLEMENTATIONS = YES;
				CLANG_WARN_DIRECT_OBJC_ISA_USAGE = YES_ERROR;
				CLANG_WARN_DOCUMENTATION_COMMENTS = YES;
				CLANG_WARN_EMPTY_BODY = YES;
				CLANG_WARN_ENUM_CONVERSION = YES;
				CLANG_WARN_INFINITE_RECURSION = YES;
				CLANG_WARN_INT_CONVERSION = YES;
				CLANG_WARN_NON_LITERAL_NULL_CONVERSION = YES;
				CLANG_WARN_OBJC_IMPLICIT_RETAIN_SELF = YES;
				CLANG_WARN_OBJC_LITERAL_CONVERSION = YES;
				CLANG_WARN_OBJC_ROOT_CLASS = YES_ERROR;
				CLANG_WARN_QUOTED_INCLUDE_IN_FRAMEWORK_HEADER = YES;
				CLANG_WARN_RANGE_LOOP_ANALYSIS = YES;
				CLANG_WARN_STRICT_PROTOTYPES = YES;
				CLANG_WARN_SUSPICIOUS_MOVE = YES;
				CLANG_WARN_UNGUARDED_AVAILABILITY = YES_AGGRESSIVE;
				CLANG_WARN_UNREACHABLE_CODE = YES;
				CLANG_WARN__DUPLICATE_METHOD_MATCH = YES;
				COPY_PHASE_STRIP = NO;
				DEBUG_INFORMATION_FORMAT = dwarf;
				ENABLE_STRICT_OBJC_MSGSEND = YES;
				ENABLE_TESTABILITY = YES;
				GCC_C_LANGUAGE_STANDARD = gnu11;
				GCC_DYNAMIC_NO_PIC = NO;
				GCC_NO_COMMON_BLOCKS = YES;
				GCC_OPTIMIZATION_LEVEL = 0;
				GCC_PREPROCESSOR_DEFINITIONS = (
					"DEBUG=1",
					"$(inherited)",
				);
				GCC_WARN_64_TO_32_BIT_CONVERSION = YES;
				GCC_WARN_ABOUT_RETURN_TYPE = YES_ERROR;
				GCC_WARN_UNDECLARED_SELECTOR = YES;
				GCC_WARN_UNINITIALIZED_AUTOS = YES_AGGRESSIVE;
				GCC_WARN_UNUSED_FUNCTION = YES;
				GCC_WARN_UNUSED_VARIABLE = YES;
				IPHONEOS_DEPLOYMENT_TARGET = 16.4;
				MTL_ENABLE_DEBUG_INFO = INCLUDE_SOURCE;
				MTL_FAST_MATH = YES;
				ONLY_ACTIVE_ARCH = YES;
				SDKROOT = iphoneos;
				SWIFT_ACTIVE_COMPILATION_CONDITIONS = DEBUG;
				SWIFT_OPTIMIZATION_LEVEL = "-Onone";
			};
			name = Debug;
		};
		FDD6E6522AFC221A00EA52F0 /* Release */ = {
			isa = XCBuildConfiguration;
			buildSettings = {
				ALWAYS_SEARCH_USER_PATHS = NO;
				CLANG_ANALYZER_NONNULL = YES;
				CLANG_ANALYZER_NUMBER_OBJECT_CONVERSION = YES_AGGRESSIVE;
				CLANG_CXX_LANGUAGE_STANDARD = "gnu++20";
				CLANG_ENABLE_MODULES = YES;
				CLANG_ENABLE_OBJC_ARC = YES;
				CLANG_ENABLE_OBJC_WEAK = YES;
				CLANG_WARN_BLOCK_CAPTURE_AUTORELEASING = YES;
				CLANG_WARN_BOOL_CONVERSION = YES;
				CLANG_WARN_COMMA = YES;
				CLANG_WARN_CONSTANT_CONVERSION = YES;
				CLANG_WARN_DEPRECATED_OBJC_IMPLEMENTATIONS = YES;
				CLANG_WARN_DIRECT_OBJC_ISA_USAGE = YES_ERROR;
				CLANG_WARN_DOCUMENTATION_COMMENTS = YES;
				CLANG_WARN_EMPTY_BODY = YES;
				CLANG_WARN_ENUM_CONVERSION = YES;
				CLANG_WARN_INFINITE_RECURSION = YES;
				CLANG_WARN_INT_CONVERSION = YES;
				CLANG_WARN_NON_LITERAL_NULL_CONVERSION = YES;
				CLANG_WARN_OBJC_IMPLICIT_RETAIN_SELF = YES;
				CLANG_WARN_OBJC_LITERAL_CONVERSION = YES;
				CLANG_WARN_OBJC_ROOT_CLASS = YES_ERROR;
				CLANG_WARN_QUOTED_INCLUDE_IN_FRAMEWORK_HEADER = YES;
				CLANG_WARN_RANGE_LOOP_ANALYSIS = YES;
				CLANG_WARN_STRICT_PROTOTYPES = YES;
				CLANG_WARN_SUSPICIOUS_MOVE = YES;
				CLANG_WARN_UNGUARDED_AVAILABILITY = YES_AGGRESSIVE;
				CLANG_WARN_UNREACHABLE_CODE = YES;
				CLANG_WARN__DUPLICATE_METHOD_MATCH = YES;
				COPY_PHASE_STRIP = NO;
				DEBUG_INFORMATION_FORMAT = "dwarf-with-dsym";
				ENABLE_NS_ASSERTIONS = NO;
				ENABLE_STRICT_OBJC_MSGSEND = YES;
				GCC_C_LANGUAGE_STANDARD = gnu11;
				GCC_NO_COMMON_BLOCKS = YES;
				GCC_WARN_64_TO_32_BIT_CONVERSION = YES;
				GCC_WARN_ABOUT_RETURN_TYPE = YES_ERROR;
				GCC_WARN_UNDECLARED_SELECTOR = YES;
				GCC_WARN_UNINITIALIZED_AUTOS = YES_AGGRESSIVE;
				GCC_WARN_UNUSED_FUNCTION = YES;
				GCC_WARN_UNUSED_VARIABLE = YES;
				IPHONEOS_DEPLOYMENT_TARGET = 16.4;
				MTL_ENABLE_DEBUG_INFO = NO;
				MTL_FAST_MATH = YES;
				SDKROOT = iphoneos;
				SWIFT_COMPILATION_MODE = wholemodule;
				SWIFT_OPTIMIZATION_LEVEL = "-O";
				VALIDATE_PRODUCT = YES;
			};
			name = Release;
		};
		FDD6E6542AFC221A00EA52F0 /* Debug */ = {
			isa = XCBuildConfiguration;
			buildSettings = {
				ASSETCATALOG_COMPILER_APPICON_NAME = AppIcon;
				ASSETCATALOG_COMPILER_GLOBAL_ACCENT_COLOR_NAME = AccentColor;
				CODE_SIGN_STYLE = Automatic;
				CURRENT_PROJECT_VERSION = 1;
				GENERATE_INFOPLIST_FILE = YES;
				INFOPLIST_FILE = "iOSDev/Supporting Files/Info.plist";
				INFOPLIST_KEY_UIApplicationSupportsIndirectInputEvents = YES;
				INFOPLIST_KEY_UILaunchStoryboardName = LaunchScreen;
				INFOPLIST_KEY_UISupportedInterfaceOrientations_iPad = "UIInterfaceOrientationPortrait UIInterfaceOrientationPortraitUpsideDown UIInterfaceOrientationLandscapeLeft UIInterfaceOrientationLandscapeRight";
				INFOPLIST_KEY_UISupportedInterfaceOrientations_iPhone = "UIInterfaceOrientationPortrait UIInterfaceOrientationLandscapeLeft UIInterfaceOrientationLandscapeRight";
				INFOPLIST_KEY_UIUserInterfaceStyle = Dark;
				LD_RUNPATH_SEARCH_PATHS = (
					"$(inherited)",
					"@executable_path/Frameworks",
				);
				MARKETING_VERSION = 1.0;
				PRODUCT_BUNDLE_IDENTIFIER = com.RomanIvanov.iOSDev;
				PRODUCT_NAME = "$(TARGET_NAME)";
				SWIFT_EMIT_LOC_STRINGS = YES;
				SWIFT_VERSION = 5.0;
				TARGETED_DEVICE_FAMILY = "1,2";
			};
			name = Debug;
		};
		FDD6E6552AFC221A00EA52F0 /* Release */ = {
			isa = XCBuildConfiguration;
			buildSettings = {
				ASSETCATALOG_COMPILER_APPICON_NAME = AppIcon;
				ASSETCATALOG_COMPILER_GLOBAL_ACCENT_COLOR_NAME = AccentColor;
				CODE_SIGN_STYLE = Automatic;
				CURRENT_PROJECT_VERSION = 1;
				GENERATE_INFOPLIST_FILE = YES;
				INFOPLIST_FILE = "iOSDev/Supporting Files/Info.plist";
				INFOPLIST_KEY_UIApplicationSupportsIndirectInputEvents = YES;
				INFOPLIST_KEY_UILaunchStoryboardName = LaunchScreen;
				INFOPLIST_KEY_UISupportedInterfaceOrientations_iPad = "UIInterfaceOrientationPortrait UIInterfaceOrientationPortraitUpsideDown UIInterfaceOrientationLandscapeLeft UIInterfaceOrientationLandscapeRight";
				INFOPLIST_KEY_UISupportedInterfaceOrientations_iPhone = "UIInterfaceOrientationPortrait UIInterfaceOrientationLandscapeLeft UIInterfaceOrientationLandscapeRight";
				INFOPLIST_KEY_UIUserInterfaceStyle = Dark;
				LD_RUNPATH_SEARCH_PATHS = (
					"$(inherited)",
					"@executable_path/Frameworks",
				);
				MARKETING_VERSION = 1.0;
				PRODUCT_BUNDLE_IDENTIFIER = com.RomanIvanov.iOSDev;
				PRODUCT_NAME = "$(TARGET_NAME)";
				SWIFT_EMIT_LOC_STRINGS = YES;
				SWIFT_VERSION = 5.0;
				TARGETED_DEVICE_FAMILY = "1,2";
			};
			name = Release;
		};
/* End XCBuildConfiguration section */

/* Begin XCConfigurationList section */
		FDD6E63A2AFC221500EA52F0 /* Build configuration list for PBXProject "iOSDev" */ = {
			isa = XCConfigurationList;
			buildConfigurations = (
				FDD6E6512AFC221A00EA52F0 /* Debug */,
				FDD6E6522AFC221A00EA52F0 /* Release */,
			);
			defaultConfigurationIsVisible = 0;
			defaultConfigurationName = Release;
		};
		FDD6E6532AFC221A00EA52F0 /* Build configuration list for PBXNativeTarget "iOSDev" */ = {
			isa = XCConfigurationList;
			buildConfigurations = (
				FDD6E6542AFC221A00EA52F0 /* Debug */,
				FDD6E6552AFC221A00EA52F0 /* Release */,
			);
			defaultConfigurationIsVisible = 0;
			defaultConfigurationName = Release;
		};
/* End XCConfigurationList section */
	};
	rootObject = FDD6E6372AFC221500EA52F0 /* Project object */;
}
